
Microsoft Visual Studio Solution File, Format Version 12.00
# Visual Studio Version 16
VisualStudioVersion = 16.0.28803.156
MinimumVisualStudioVersion = 10.0.40219.1
Project("{9A19103F-16F7-4668-BE54-9A1E7A4F7556}") = "CreApps.StarterKit.Models", "CreApps.StarterKit.Models\CreApps.StarterKit.Models.csproj", "{7DD21E06-8807-4301-A33F-EA58ACBBBCED}"
EndProject
Project("{9A19103F-16F7-4668-BE54-9A1E7A4F7556}") = "CreApps.StarterKit.DataAccess", "CreApps.StarterKit.DataAccess\CreApps.StarterKit.DataAccess.csproj", "{63F6E6B6-B10E-4132-8D55-88CB198022EF}"
EndProject
Project("{9A19103F-16F7-4668-BE54-9A1E7A4F7556}") = "CreApps.StarterKit.Services", "CreApps.StarterKit.Services\CreApps.StarterKit.Services.csproj", "{E191352B-27A4-466E-A6EE-59349254593F}"
EndProject
Project("{9A19103F-16F7-4668-BE54-9A1E7A4F7556}") = "CreApps.StarterKit.Web", "CreApps.StarterKit.Web\CreApps.StarterKit.Web.csproj", "{60AB3507-21C5-48B8-B262-2AE7366E4562}"
EndProject
Project("{9A19103F-16F7-4668-BE54-9A1E7A4F7556}") = "CreApps.StarterKit.Test.Web", "CreApps.StarterKit.Test\CreApps.StarterKit.Test.Web.csproj", "{491EF41C-985C-4929-9E31-1BC25C7DDDAB}"
EndProject
Project("{2150E333-8FDC-42A3-9474-1A3956D46DE8}") = "Common", "Common", "{22AA9791-34D6-4448-AA0E-343F9D6D40EB}"
EndProject
Project("{2150E333-8FDC-42A3-9474-1A3956D46DE8}") = "Web", "Web", "{6FA2CB01-7552-483E-9AA9-F7777B597F28}"
EndProject
Project("{2150E333-8FDC-42A3-9474-1A3956D46DE8}") = "Test", "Test", "{0D820271-7969-423E-BC06-339ACD76870A}"
EndProject
Project("{2150E333-8FDC-42A3-9474-1A3956D46DE8}") = "WebApi", "WebApi", "{15A0A1B3-33DD-486D-8CCA-CB1A9D1F2EBC}"
EndProject
Project("{9A19103F-16F7-4668-BE54-9A1E7A4F7556}") = "CreApps.StarterKit.WebApi", "CreApps.StarterKit.WebApi\CreApps.StarterKit.WebApi.csproj", "{5D8C229A-1717-405E-9045-2AEF49CEF9F7}"
EndProject
Project("{9A19103F-16F7-4668-BE54-9A1E7A4F7556}") = "CreApps.StarterKit.WebSPA", "CreApps.StarterKit.WebSPA\CreApps.StarterKit.WebSPA.csproj", "{2099DD0B-A90E-4AED-B0EC-0971136F1322}"
EndProject
Project("{9A19103F-16F7-4668-BE54-9A1E7A4F7556}") = "WebApiExample", "WebApiExample\WebApiExample\WebApiExample.csproj", "{B03DC8FD-9723-488F-A563-C7AF10E0021D}"
EndProject
Global
	GlobalSection(SolutionConfigurationPlatforms) = preSolution
		Debug|Any CPU = Debug|Any CPU
		Release|Any CPU = Release|Any CPU
	EndGlobalSection
	GlobalSection(ProjectConfigurationPlatforms) = postSolution
		{7DD21E06-8807-4301-A33F-EA58ACBBBCED}.Debug|Any CPU.ActiveCfg = Debug|Any CPU
		{7DD21E06-8807-4301-A33F-EA58ACBBBCED}.Debug|Any CPU.Build.0 = Debug|Any CPU
		{7DD21E06-8807-4301-A33F-EA58ACBBBCED}.Release|Any CPU.ActiveCfg = Release|Any CPU
		{7DD21E06-8807-4301-A33F-EA58ACBBBCED}.Release|Any CPU.Build.0 = Release|Any CPU
		{63F6E6B6-B10E-4132-8D55-88CB198022EF}.Debug|Any CPU.ActiveCfg = Debug|Any CPU
		{63F6E6B6-B10E-4132-8D55-88CB198022EF}.Debug|Any CPU.Build.0 = Debug|Any CPU
		{63F6E6B6-B10E-4132-8D55-88CB198022EF}.Release|Any CPU.ActiveCfg = Release|Any CPU
		{63F6E6B6-B10E-4132-8D55-88CB198022EF}.Release|Any CPU.Build.0 = Release|Any CPU
		{E191352B-27A4-466E-A6EE-59349254593F}.Debug|Any CPU.ActiveCfg = Debug|Any CPU
		{E191352B-27A4-466E-A6EE-59349254593F}.Debug|Any CPU.Build.0 = Debug|Any CPU
		{E191352B-27A4-466E-A6EE-59349254593F}.Release|Any CPU.ActiveCfg = Release|Any CPU
		{E191352B-27A4-466E-A6EE-59349254593F}.Release|Any CPU.Build.0 = Release|Any CPU
		{60AB3507-21C5-48B8-B262-2AE7366E4562}.Debug|Any CPU.ActiveCfg = Debug|Any CPU
		{60AB3507-21C5-48B8-B262-2AE7366E4562}.Debug|Any CPU.Build.0 = Debug|Any CPU
		{60AB3507-21C5-48B8-B262-2AE7366E4562}.Release|Any CPU.ActiveCfg = Release|Any CPU
		{60AB3507-21C5-48B8-B262-2AE7366E4562}.Release|Any CPU.Build.0 = Release|Any CPU
		{491EF41C-985C-4929-9E31-1BC25C7DDDAB}.Debug|Any CPU.ActiveCfg = Debug|Any CPU
		{491EF41C-985C-4929-9E31-1BC25C7DDDAB}.Debug|Any CPU.Build.0 = Debug|Any CPU
		{491EF41C-985C-4929-9E31-1BC25C7DDDAB}.Release|Any CPU.ActiveCfg = Release|Any CPU
		{491EF41C-985C-4929-9E31-1BC25C7DDDAB}.Release|Any CPU.Build.0 = Release|Any CPU
		{5D8C229A-1717-405E-9045-2AEF49CEF9F7}.Debug|Any CPU.ActiveCfg = Debug|Any CPU
		{5D8C229A-1717-405E-9045-2AEF49CEF9F7}.Debug|Any CPU.Build.0 = Debug|Any CPU
		{5D8C229A-1717-405E-9045-2AEF49CEF9F7}.Release|Any CPU.ActiveCfg = Release|Any CPU
		{5D8C229A-1717-405E-9045-2AEF49CEF9F7}.Release|Any CPU.Build.0 = Release|Any CPU
		{2099DD0B-A90E-4AED-B0EC-0971136F1322}.Debug|Any CPU.ActiveCfg = Debug|Any CPU
		{2099DD0B-A90E-4AED-B0EC-0971136F1322}.Debug|Any CPU.Build.0 = Debug|Any CPU
		{2099DD0B-A90E-4AED-B0EC-0971136F1322}.Release|Any CPU.ActiveCfg = Release|Any CPU
		{2099DD0B-A90E-4AED-B0EC-0971136F1322}.Release|Any CPU.Build.0 = Release|Any CPU
		{B03DC8FD-9723-488F-A563-C7AF10E0021D}.Debug|Any CPU.ActiveCfg = Debug|Any CPU
		{B03DC8FD-9723-488F-A563-C7AF10E0021D}.Debug|Any CPU.Build.0 = Debug|Any CPU
		{B03DC8FD-9723-488F-A563-C7AF10E0021D}.Release|Any CPU.ActiveCfg = Release|Any CPU
		{B03DC8FD-9723-488F-A563-C7AF10E0021D}.Release|Any CPU.Build.0 = Release|Any CPU
	EndGlobalSection
	GlobalSection(SolutionProperties) = preSolution
		HideSolutionNode = FALSE
	EndGlobalSection
	GlobalSection(NestedProjects) = preSolution
		{7DD21E06-8807-4301-A33F-EA58ACBBBCED} = {22AA9791-34D6-4448-AA0E-343F9D6D40EB}
		{63F6E6B6-B10E-4132-8D55-88CB198022EF} = {22AA9791-34D6-4448-AA0E-343F9D6D40EB}
		{E191352B-27A4-466E-A6EE-59349254593F} = {22AA9791-34D6-4448-AA0E-343F9D6D40EB}
		{60AB3507-21C5-48B8-B262-2AE7366E4562} = {6FA2CB01-7552-483E-9AA9-F7777B597F28}
		{491EF41C-985C-4929-9E31-1BC25C7DDDAB} = {0D820271-7969-423E-BC06-339ACD76870A}
		{5D8C229A-1717-405E-9045-2AEF49CEF9F7} = {15A0A1B3-33DD-486D-8CCA-CB1A9D1F2EBC}
		{2099DD0B-A90E-4AED-B0EC-0971136F1322} = {6FA2CB01-7552-483E-9AA9-F7777B597F28}
		{B03DC8FD-9723-488F-A563-C7AF10E0021D} = {15A0A1B3-33DD-486D-8CCA-CB1A9D1F2EBC}
	EndGlobalSection
	GlobalSection(ExtensibilityGlobals) = postSolution
		SolutionGuid = {8BD60308-D88E-4D9C-8BA5-EAD0E41638AF}
	EndGlobalSection
EndGlobal
